// !$*UTF8*$!
{
	archiveVersion = 1;
	classes = {
	};
	objectVersion = 46;
	objects = {

/* Begin PBXBuildFile section */
		793745232433EB50048363A6 /* Pods_SnapchatClone2.framework in Frameworks */ = {isa = PBXBuildFile; fileRef = E50F0FE3A1D45F56735D4422 /* Pods_SnapchatClone2.framework */; };
		9362B00B1DCE775E0002F9CD /* AppDelegate.swift in Sources */ = {isa = PBXBuildFile; fileRef = 9362B00A1DCE775E0002F9CD /* AppDelegate.swift */; };
		9362B00D1DCE775E0002F9CD /* SignInVC.swift in Sources */ = {isa = PBXBuildFile; fileRef = 9362B00C1DCE775E0002F9CD /* SignInVC.swift */; };
		9362B0101DCE775E0002F9CD /* Main.storyboard in Resources */ = {isa = PBXBuildFile; fileRef = 9362B00E1DCE775E0002F9CD /* Main.storyboard */; };
		9362B0121DCE775E0002F9CD /* Assets.xcassets in Resources */ = {isa = PBXBuildFile; fileRef = 9362B0111DCE775E0002F9CD /* Assets.xcassets */; };
		9362B0151DCE775E0002F9CD /* LaunchScreen.storyboard in Resources */ = {isa = PBXBuildFile; fileRef = 9362B0131DCE775E0002F9CD /* LaunchScreen.storyboard */; };
		9362B01D1DCE77F50002F9CD /* GoogleService-Info.plist in Resources */ = {isa = PBXBuildFile; fileRef = 9362B01C1DCE77F50002F9CD /* GoogleService-Info.plist */; };
		9362B0201DCE82490002F9CD /* SnapsVC.swift in Sources */ = {isa = PBXBuildFile; fileRef = 9362B01F1DCE82490002F9CD /* SnapsVC.swift */; };
		9362B0271DCE84B10002F9CD /* PictureVC.swift in Sources */ = {isa = PBXBuildFile; fileRef = 9362B0261DCE84B10002F9CD /* PictureVC.swift */; };
		9362B0291DCE8F690002F9CD /* SelectUserVC.swift in Sources */ = {isa = PBXBuildFile; fileRef = 9362B0281DCE8F690002F9CD /* SelectUserVC.swift */; };
/* End PBXBuildFile section */

/* Begin PBXFileReference section */
		123D2CE71FCF5EFE89ADCDB2 /* Pods-SnapchatClone2.release.xcconfig */ = {isa = PBXFileReference; includeInIndex = 1; lastKnownFileType = text.xcconfig; name = "Pods-SnapchatClone2.release.xcconfig"; path = "Pods/Target Support Files/Pods-SnapchatClone2/Pods-SnapchatClone2.release.xcconfig"; sourceTree = "<group>"; };
		3698623E6F814FFD7DDD30D3 /* Pods-SnapchatClone2.debug.xcconfig */ = {isa = PBXFileReference; includeInIndex = 1; lastKnownFileType = text.xcconfig; name = "Pods-SnapchatClone2.debug.xcconfig"; path = "Pods/Target Support Files/Pods-SnapchatClone2/Pods-SnapchatClone2.debug.xcconfig"; sourceTree = "<group>"; };
		9362B0071DCE775E0002F9CD /* SnapchatClone2.app */ = {isa = PBXFileReference; explicitFileType = wrapper.application; includeInIndex = 0; path = SnapchatClone2.app; sourceTree = BUILT_PRODUCTS_DIR; };
		9362B00A1DCE775E0002F9CD /* AppDelegate.swift */ = {isa = PBXFileReference; lastKnownFileType = sourcecode.swift; path = AppDelegate.swift; sourceTree = "<group>"; };
		9362B00C1DCE775E0002F9CD /* SignInVC.swift */ = {isa = PBXFileReference; lastKnownFileType = sourcecode.swift; path = SignInVC.swift; sourceTree = "<group>"; };
		9362B00F1DCE775E0002F9CD /* Base */ = {isa = PBXFileReference; lastKnownFileType = file.storyboard; name = Base; path = Base.lproj/Main.storyboard; sourceTree = "<group>"; };
		9362B0111DCE775E0002F9CD /* Assets.xcassets */ = {isa = PBXFileReference; lastKnownFileType = folder.assetcatalog; path = Assets.xcassets; sourceTree = "<group>"; };
		9362B0141DCE775E0002F9CD /* Base */ = {isa = PBXFileReference; lastKnownFileType = file.storyboard; name = Base; path = Base.lproj/LaunchScreen.storyboard; sourceTree = "<group>"; };
		9362B0161DCE775E0002F9CD /* Info.plist */ = {isa = PBXFileReference; lastKnownFileType = text.plist.xml; path = Info.plist; sourceTree = "<group>"; };
		9362B01C1DCE77F50002F9CD /* GoogleService-Info.plist */ = {isa = PBXFileReference; fileEncoding = 4; lastKnownFileType = text.plist.xml; path = "GoogleService-Info.plist"; sourceTree = "<group>"; };
		9362B01F1DCE82490002F9CD /* SnapsVC.swift */ = {isa = PBXFileReference; fileEncoding = 4; lastKnownFileType = sourcecode.swift; path = SnapsVC.swift; sourceTree = "<group>"; };
		9362B0261DCE84B10002F9CD /* PictureVC.swift */ = {isa = PBXFileReference; fileEncoding = 4; lastKnownFileType = sourcecode.swift; path = PictureVC.swift; sourceTree = "<group>"; };
		9362B0281DCE8F690002F9CD /* SelectUserVC.swift */ = {isa = PBXFileReference; fileEncoding = 4; lastKnownFileType = sourcecode.swift; path = SelectUserVC.swift; sourceTree = "<group>"; };
		E50F0FE3A1D45F56735D4422 /* Pods_SnapchatClone2.framework */ = {isa = PBXFileReference; explicitFileType = wrapper.framework; includeInIndex = 0; path = Pods_SnapchatClone2.framework; sourceTree = BUILT_PRODUCTS_DIR; };
/* End PBXFileReference section */

/* Begin PBXFrameworksBuildPhase section */
		9362B0041DCE775E0002F9CD /* Frameworks */ = {
			isa = PBXFrameworksBuildPhase;
			buildActionMask = 2147483647;
			files = (
				793745232433EB50048363A6 /* Pods_SnapchatClone2.framework in Frameworks */,
			);
			runOnlyForDeploymentPostprocessing = 0;
		};
/* End PBXFrameworksBuildPhase section */

/* Begin PBXGroup section */
		37075714743546B141E8BB03 /* Pods */ = {
			isa = PBXGroup;
			children = (
				3698623E6F814FFD7DDD30D3 /* Pods-SnapchatClone2.debug.xcconfig */,
				123D2CE71FCF5EFE89ADCDB2 /* Pods-SnapchatClone2.release.xcconfig */,
			);
			name = Pods;
			sourceTree = "<group>";
		};
		400E4289AF7DD3A92F5A088F /* Frameworks */ = {
			isa = PBXGroup;
			children = (
				E50F0FE3A1D45F56735D4422 /* Pods_SnapchatClone2.framework */,
			);
			name = Frameworks;
			sourceTree = "<group>";
		};
		9362AFFE1DCE775E0002F9CD = {
			isa = PBXGroup;
			children = (
				9362B0091DCE775E0002F9CD /* SnapchatClone2 */,
				9362B0081DCE775E0002F9CD /* Products */,
				37075714743546B141E8BB03 /* Pods */,
				400E4289AF7DD3A92F5A088F /* Frameworks */,
			);
			sourceTree = "<group>";
		};
		9362B0081DCE775E0002F9CD /* Products */ = {
			isa = PBXGroup;
			children = (
				9362B0071DCE775E0002F9CD /* SnapchatClone2.app */,
			);
			name = Products;
			sourceTree = "<group>";
		};
		9362B0091DCE775E0002F9CD /* SnapchatClone2 */ = {
			isa = PBXGroup;
			children = (
				9362B01E1DCE7BAC0002F9CD /* Controllers */,
				9362B00A1DCE775E0002F9CD /* AppDelegate.swift */,
				9362B00E1DCE775E0002F9CD /* Main.storyboard */,
				9362B0111DCE775E0002F9CD /* Assets.xcassets */,
				9362B0131DCE775E0002F9CD /* LaunchScreen.storyboard */,
				9362B0161DCE775E0002F9CD /* Info.plist */,
				9362B01C1DCE77F50002F9CD /* GoogleService-Info.plist */,
			);
			path = SnapchatClone2;
			sourceTree = "<group>";
		};
		9362B01E1DCE7BAC0002F9CD /* Controllers */ = {
			isa = PBXGroup;
			children = (
				9362B00C1DCE775E0002F9CD /* SignInVC.swift */,
				9362B01F1DCE82490002F9CD /* SnapsVC.swift */,
				9362B0261DCE84B10002F9CD /* PictureVC.swift */,
				9362B0281DCE8F690002F9CD /* SelectUserVC.swift */,
			);
			name = Controllers;
			sourceTree = "<group>";
		};
/* End PBXGroup section */

/* Begin PBXNativeTarget section */
		9362B0061DCE775E0002F9CD /* SnapchatClone2 */ = {
			isa = PBXNativeTarget;
			buildConfigurationList = 9362B0191DCE775E0002F9CD /* Build configuration list for PBXNativeTarget "SnapchatClone2" */;
			buildPhases = (
				8D530B4D67A98630F8B79BBB /* [CP] Check Pods Manifest.lock */,
				9362B0031DCE775E0002F9CD /* Sources */,
				9362B0041DCE775E0002F9CD /* Frameworks */,
				9362B0051DCE775E0002F9CD /* Resources */,
				43DE06752AE53A0BF323313E /* [CP] Embed Pods Frameworks */,
				D9B0A190CE1526467BE01096 /* [CP] Copy Pods Resources */,
			);
			buildRules = (
			);
			dependencies = (
			);
			name = SnapchatClone2;
			productName = SnapchatClone2;
			productReference = 9362B0071DCE775E0002F9CD /* SnapchatClone2.app */;
			productType = "com.apple.product-type.application";
		};
/* End PBXNativeTarget section */

/* Begin PBXProject section */
		9362AFFF1DCE775E0002F9CD /* Project object */ = {
			isa = PBXProject;
			attributes = {
				LastSwiftUpdateCheck = 0810;
				LastUpgradeCheck = 0810;
				ORGANIZATIONNAME = "be connected club";
				TargetAttributes = {
					9362B0061DCE775E0002F9CD = {
						CreatedOnToolsVersion = 8.1;
						DevelopmentTeam = T4A9P48H94;
						ProvisioningStyle = Automatic;
					};
				};
			};
			buildConfigurationList = 9362B0021DCE775E0002F9CD /* Build configuration list for PBXProject "SnapchatClone2" */;
			compatibilityVersion = "Xcode 3.2";
			developmentRegion = English;
			hasScannedForEncodings = 0;
			knownRegions = (
				en,
				Base,
			);
			mainGroup = 9362AFFE1DCE775E0002F9CD;
			productRefGroup = 9362B0081DCE775E0002F9CD /* Products */;
			projectDirPath = "";
			projectRoot = "";
			targets = (
				9362B0061DCE775E0002F9CD /* SnapchatClone2 */,
			);
		};
/* End PBXProject section */

/* Begin PBXResourcesBuildPhase section */
		9362B0051DCE775E0002F9CD /* Resources */ = {
			isa = PBXResourcesBuildPhase;
			buildActionMask = 2147483647;
			files = (
				9362B0151DCE775E0002F9CD /* LaunchScreen.storyboard in Resources */,
				9362B01D1DCE77F50002F9CD /* GoogleService-Info.plist in Resources */,
				9362B0121DCE775E0002F9CD /* Assets.xcassets in Resources */,
				9362B0101DCE775E0002F9CD /* Main.storyboard in Resources */,
			);
			runOnlyForDeploymentPostprocessing = 0;
		};
/* End PBXResourcesBuildPhase section */

/* Begin PBXShellScriptBuildPhase section */
		43DE06752AE53A0BF323313E /* [CP] Embed Pods Frameworks */ = {
			isa = PBXShellScriptBuildPhase;
			buildActionMask = 2147483647;
			files = (
			);
			inputPaths = (
			);
			name = "[CP] Embed Pods Frameworks";
			outputPaths = (
			);
			runOnlyForDeploymentPostprocessing = 0;
			shellPath = /bin/sh;
			shellScript = "\"${SRCROOT}/Pods/Target Support Files/Pods-SnapchatClone2/Pods-SnapchatClone2-frameworks.sh\"\n";
			showEnvVarsInLog = 0;
		};
		8D530B4D67A98630F8B79BBB /* [CP] Check Pods Manifest.lock */ = {
			isa = PBXShellScriptBuildPhase;
			buildActionMask = 2147483647;
			files = (
			);
			inputPaths = (
			);
			name = "[CP] Check Pods Manifest.lock";
			outputPaths = (
			);
			runOnlyForDeploymentPostprocessing = 0;
			shellPath = /bin/sh;
			shellScript = "diff \"${PODS_ROOT}/../Podfile.lock\" \"${PODS_ROOT}/Manifest.lock\" > /dev/null\nif [ $? != 0 ] ; then\n    # print error to STDERR\n    echo \"error: The sandbox is not in sync with the Podfile.lock. Run 'pod install' or update your CocoaPods installation.\" >&2\n    exit 1\nfi\n";
			showEnvVarsInLog = 0;
		};
		D9B0A190CE1526467BE01096 /* [CP] Copy Pods Resources */ = {
			isa = PBXShellScriptBuildPhase;
			buildActionMask = 2147483647;
			files = (
			);
			inputPaths = (
			);
			name = "[CP] Copy Pods Resources";
			outputPaths = (
			);
			runOnlyForDeploymentPostprocessing = 0;
			shellPath = /bin/sh;
			shellScript = "\"${SRCROOT}/Pods/Target Support Files/Pods-SnapchatClone2/Pods-SnapchatClone2-resources.sh\"\n";
			showEnvVarsInLog = 0;
		};
/* End PBXShellScriptBuildPhase section */

/* Begin PBXSourcesBuildPhase section */
		9362B0031DCE775E0002F9CD /* Sources */ = {
			isa = PBXSourcesBuildPhase;
			buildActionMask = 2147483647;
			files = (
				9362B00D1DCE775E0002F9CD /* SignInVC.swift in Sources */,
				9362B00B1DCE775E0002F9CD /* AppDelegate.swift in Sources */,
				9362B0201DCE82490002F9CD /* SnapsVC.swift in Sources */,
				9362B0291DCE8F690002F9CD /* SelectUserVC.swift in Sources */,
				9362B0271DCE84B10002F9CD /* PictureVC.swift in Sources */,
			);
			runOnlyForDeploymentPostprocessing = 0;
		};
/* End PBXSourcesBuildPhase section */

/* Begin PBXVariantGroup section */
		9362B00E1DCE775E0002F9CD /* Main.storyboard */ = {
			isa = PBXVariantGroup;
			children = (
				9362B00F1DCE775E0002F9CD /* Base */,
			);
			name = Main.storyboard;
			sourceTree = "<group>";
		};
		9362B0131DCE775E0002F9CD /* LaunchScreen.storyboard */ = {
			isa = PBXVariantGroup;
			children = (
				9362B0141DCE775E0002F9CD /* Base */,
			);
			name = LaunchScreen.storyboard;
			sourceTree = "<group>";
		};
/* End PBXVariantGroup section */

/* Begin XCBuildConfiguration section */
		9362B0171DCE775E0002F9CD /* Debug */ = {
			isa = XCBuildConfiguration;
			buildSettings = {
				ALWAYS_SEARCH_USER_PATHS = NO;
				CLANG_ANALYZER_NONNULL = YES;
				CLANG_CXX_LANGUAGE_STANDARD = "gnu++0x";
				CLANG_CXX_LIBRARY = "libc++";
				CLANG_ENABLE_MODULES = YES;
				CLANG_ENABLE_OBJC_ARC = YES;
				CLANG_WARN_BOOL_CONVERSION = YES;
				CLANG_WARN_CONSTANT_CONVERSION = YES;
				CLANG_WARN_DIRECT_OBJC_ISA_USAGE = YES_ERROR;
				CLANG_WARN_DOCUMENTATION_COMMENTS = YES;
				CLANG_WARN_EMPTY_BODY = YES;
				CLANG_WARN_ENUM_CONVERSION = YES;
				CLANG_WARN_INFINITE_RECURSION = YES;
				CLANG_WARN_INT_CONVERSION = YES;
				CLANG_WARN_OBJC_ROOT_CLASS = YES_ERROR;
				CLANG_WARN_SUSPICIOUS_MOVES = YES;
				CLANG_WARN_UNREACHABLE_CODE = YES;
				CLANG_WARN__DUPLICATE_METHOD_MATCH = YES;
				"CODE_SIGN_IDENTITY[sdk=iphoneos*]" = "iPhone Developer";
				COPY_PHASE_STRIP = NO;
				DEBUG_INFORMATION_FORMAT = dwarf;
				ENABLE_STRICT_OBJC_MSGSEND = YES;
				ENABLE_TESTABILITY = YES;
				GCC_C_LANGUAGE_STANDARD = gnu99;
				GCC_DYNAMIC_NO_PIC = NO;
				GCC_NO_COMMON_BLOCKS = YES;
				GCC_OPTIMIZATION_LEVEL = 0;
				GCC_PREPROCESSOR_DEFINITIONS = (
					"DEBUG=1",
					"$(inherited)",
				);
				GCC_WARN_64_TO_32_BIT_CONVERSION = YES;
				GCC_WARN_ABOUT_RETURN_TYPE = YES_ERROR;
				GCC_WARN_UNDECLARED_SELECTOR = YES;
				GCC_WARN_UNINITIALIZED_AUTOS = YES_AGGRESSIVE;
				GCC_WARN_UNUSED_FUNCTION = YES;
				GCC_WARN_UNUSED_VARIABLE = YES;
				IPHONEOS_DEPLOYMENT_TARGET = 10.1;
				MTL_ENABLE_DEBUG_INFO = YES;
				ONLY_ACTIVE_ARCH = YES;
				SDKROOT = iphoneos;
				SWIFT_ACTIVE_COMPILATION_CONDITIONS = DEBUG;
				SWIFT_OPTIMIZATION_LEVEL = "-Onone";
				TARGETED_DEVICE_FAMILY = "1,2";
			};
			name = Debug;
		};
		9362B0181DCE775E0002F9CD /* Release */ = {
			isa = XCBuildConfiguration;
			buildSettings = {
				ALWAYS_SEARCH_USER_PATHS = NO;
				CLANG_ANALYZER_NONNULL = YES;
				CLANG_CXX_LANGUAGE_STANDARD = "gnu++0x";
				CLANG_CXX_LIBRARY = "libc++";
				CLANG_ENABLE_MODULES = YES;
				CLANG_ENABLE_OBJC_ARC = YES;
				CLANG_WARN_BOOL_CONVERSION = YES;
				CLANG_WARN_CONSTANT_CONVERSION = YES;
				CLANG_WARN_DIRECT_OBJC_ISA_USAGE = YES_ERROR;
				CLANG_WARN_DOCUMENTATION_COMMENTS = YES;
				CLANG_WARN_EMPTY_BODY = YES;
				CLANG_WARN_ENUM_CONVERSION = YES;
				CLANG_WARN_INFINITE_RECURSION = YES;
				CLANG_WARN_INT_CONVERSION = YES;
				CLANG_WARN_OBJC_ROOT_CLASS = YES_ERROR;
				CLANG_WARN_SUSPICIOUS_MOVES = YES;
				CLANG_WARN_UNREACHABLE_CODE = YES;
				CLANG_WARN__DUPLICATE_METHOD_MATCH = YES;
				"CODE_SIGN_IDENTITY[sdk=iphoneos*]" = "iPhone Developer";
				COPY_PHASE_STRIP = NO;
				DEBUG_INFORMATION_FORMAT = "dwarf-with-dsym";
				ENABLE_NS_ASSERTIONS = NO;
				ENABLE_STRICT_OBJC_MSGSEND = YES;
				GCC_C_LANGUAGE_STANDARD = gnu99;
				GCC_NO_COMMON_BLOCKS = YES;
				GCC_WARN_64_TO_32_BIT_CONVERSION = YES;
				GCC_WARN_ABOUT_RETURN_TYPE = YES_ERROR;
				GCC_WARN_UNDECLARED_SELECTOR = YES;
				GCC_WARN_UNINITIALIZED_AUTOS = YES_AGGRESSIVE;
				GCC_WARN_UNUSED_FUNCTION = YES;
				GCC_WARN_UNUSED_VARIABLE = YES;
				IPHONEOS_DEPLOYMENT_TARGET = 10.1;
				MTL_ENABLE_DEBUG_INFO = NO;
				SDKROOT = iphoneos;
				SWIFT_OPTIMIZATION_LEVEL = "-Owholemodule";
				TARGETED_DEVICE_FAMILY = "1,2";
				VALIDATE_PRODUCT = YES;
			};
			name = Release;
		};
		9362B01A1DCE775E0002F9CD /* Debug */ = {
			isa = XCBuildConfiguration;
			baseConfigurationReference = 3698623E6F814FFD7DDD30D3 /* Pods-SnapchatClone2.debug.xcconfig */;
			buildSettings = {
				ASSETCATALOG_COMPILER_APPICON_NAME = AppIcon;
				DEVELOPMENT_TEAM = T4A9P48H94;
				INFOPLIST_FILE = SnapchatClone2/Info.plist;
				LD_RUNPATH_SEARCH_PATHS = "$(inherited) @executable_path/Frameworks";
				PRODUCT_BUNDLE_IDENTIFIER = club.beconnected.SnapchatClone2;
				PRODUCT_NAME = "$(TARGET_NAME)";
				SWIFT_VERSION = 3.0;
			};
			name = Debug;
		};
		9362B01B1DCE775E0002F9CD /* Release */ = {
			isa = XCBuildConfiguration;
			baseConfigurationReference = 123D2CE71FCF5EFE89ADCDB2 /* Pods-SnapchatClone2.release.xcconfig */;
			buildSettings = {
				ASSETCATALOG_COMPILER_APPICON_NAME = AppIcon;
				DEVELOPMENT_TEAM = T4A9P48H94;
				INFOPLIST_FILE = SnapchatClone2/Info.plist;
				LD_RUNPATH_SEARCH_PATHS = "$(inherited) @executable_path/Frameworks";
				PRODUCT_BUNDLE_IDENTIFIER = club.beconnected.SnapchatClone2;
				PRODUCT_NAME = "$(TARGET_NAME)";
				SWIFT_VERSION = 3.0;
			};
			name = Release;
		};
/* End XCBuildConfiguration section */

/* Begin XCConfigurationList section */
		9362B0021DCE775E0002F9CD /* Build configuration list for PBXProject "SnapchatClone2" */ = {
			isa = XCConfigurationList;
			buildConfigurations = (
				9362B0171DCE775E0002F9CD /* Debug */,
				9362B0181DCE775E0002F9CD /* Release */,
			);
			defaultConfigurationIsVisible = 0;
			defaultConfigurationName = Release;
		};
		9362B0191DCE775E0002F9CD /* Build configuration list for PBXNativeTarget "SnapchatClone2" */ = {
			isa = XCConfigurationList;
			buildConfigurations = (
				9362B01A1DCE775E0002F9CD /* Debug */,
				9362B01B1DCE775E0002F9CD /* Release */,
			);
			defaultConfigurationIsVisible = 0;
			defaultConfigurationName = Release;
		};
/* End XCConfigurationList section */
	};
	rootObject = 9362AFFF1DCE775E0002F9CD /* Project object */;
}
